
# THIS IS AN AUTOGENERATED FILE. DO NOT EDIT THIS FILE DIRECTLY.
# yarn lockfile v1


"@alloc/quick-lru@^5.2.0":
  version "5.2.0"
  resolved "https://registry.npmjs.org/@alloc/quick-lru/-/quick-lru-5.2.0.tgz"
  integrity sha512-UrcABB+4bUrFABwbluTIBErXwvbsU/V7TZWfmbgJfbkwiBuziS9gxdODUyuiecfdGQ85jglMW6juS3+z5TsKLw==

"@babel/runtime@^7.13.10", "@babel/runtime@^7.23.5":
  version "7.23.7"
  resolved "https://registry.yarnpkg.com/@babel/runtime/-/runtime-7.23.7.tgz#dd7c88deeb218a0f8bd34d5db1aa242e0f203193"
  integrity sha512-w06OXVOFso7LcbzMiDGt+3X7Rh7Ho8MmgPoWU3rarH+8upf+wSU/grlGbWzQyr3DkdN6ZeuMFjpdwW0Q+HxobA==
  dependencies:
    regenerator-runtime "^0.14.0"

"@floating-ui/core@^1.4.2":
  version "1.5.2"
  resolved "https://registry.yarnpkg.com/@floating-ui/core/-/core-1.5.2.tgz#53a0f7a98c550e63134d504f26804f6b83dbc071"
  integrity sha512-Ii3MrfY/GAIN3OhXNzpCKaLxHQfJF9qvwq/kEJYdqDxeIHa01K8sldugal6TmeeXl+WMvhv9cnVzUTaFFJF09A==
  dependencies:
    "@floating-ui/utils" "^0.1.3"

"@floating-ui/dom@^1.5.1":
  version "1.5.3"
  resolved "https://registry.yarnpkg.com/@floating-ui/dom/-/dom-1.5.3.tgz#54e50efcb432c06c23cd33de2b575102005436fa"
  integrity sha512-ClAbQnEqJAKCJOEbbLo5IUlZHkNszqhuxS4fHAVxRPXPya6Ysf2G8KypnYcOTpx6I8xcgF9bbHb6g/2KpbV8qA==
  dependencies:
    "@floating-ui/core" "^1.4.2"
    "@floating-ui/utils" "^0.1.3"

"@floating-ui/react-dom@^2.0.0":
  version "2.0.4"
  resolved "https://registry.yarnpkg.com/@floating-ui/react-dom/-/react-dom-2.0.4.tgz#b076fafbdfeb881e1d86ae748b7ff95150e9f3ec"
  integrity sha512-CF8k2rgKeh/49UrnIBs4BdxPUV6vize/Db1d/YbCLyp9GiVZ0BEwf5AiDSxJRCr6yOkGqTFHtmrULxkEfYZ7dQ==
  dependencies:
    "@floating-ui/dom" "^1.5.1"

"@floating-ui/utils@^0.1.3":
  version "0.1.6"
  resolved "https://registry.yarnpkg.com/@floating-ui/utils/-/utils-0.1.6.tgz#22958c042e10b67463997bd6ea7115fe28cbcaf9"
  integrity sha512-OfX7E2oUDYxtBvsuS4e/jSn4Q9Qb6DzgeYtsAdkPZ47znpoNsMgZw0+tVijiv3uGNR6dgNlty6r9rzIzHjtd/A==

"@headlessui/react@^1.7.7":
  version "1.7.14"
  resolved "https://registry.npmjs.org/@headlessui/react/-/react-1.7.14.tgz"
  integrity sha512-znzdq9PG8rkwcu9oQ2FwIy0ZFtP9Z7ycS+BAqJ3R5EIqC/0bJGvhT7193rFf+45i9nnPsYvCQVW4V/bB9Xc+gA==
  dependencies:
    client-only "^0.0.1"

"@headlessui/tailwindcss@^0.1.2":
  version "0.1.3"
  resolved "https://registry.npmjs.org/@headlessui/tailwindcss/-/tailwindcss-0.1.3.tgz"
  integrity sha512-3aMdDyYZx9A15euRehpppSyQnb2gIw2s/Uccn2ELIoLQ9oDy0+9oRygNWNjXCD5Dt+w1pxo7C+XoiYvGcqA4Kg==

"@heroicons/react@^2.0.13":
  version "2.0.18"
  resolved "https://registry.npmjs.org/@heroicons/react/-/react-2.0.18.tgz"
  integrity sha512-7TyMjRrZZMBPa+/5Y8lN0iyvUU/01PeMGX2+RE7cQWpEUIcb4QotzUObFkJDejj/HUH4qjP/eQ0gzzKs2f+6Yw==

"@jridgewell/gen-mapping@^0.3.2":
  version "0.3.3"
  resolved "https://registry.npmjs.org/@jridgewell/gen-mapping/-/gen-mapping-0.3.3.tgz"
  integrity sha512-HLhSWOLRi875zjjMG/r+Nv0oCW8umGb0BgEhyX3dDX3egwZtB8PqLnjz3yedt8R5StBrzcg4aBpnh8UA9D1BoQ==
  dependencies:
    "@jridgewell/set-array" "^1.0.1"
    "@jridgewell/sourcemap-codec" "^1.4.10"
    "@jridgewell/trace-mapping" "^0.3.9"

"@jridgewell/resolve-uri@3.1.0":
  version "3.1.0"
  resolved "https://registry.npmjs.org/@jridgewell/resolve-uri/-/resolve-uri-3.1.0.tgz"
  integrity sha512-F2msla3tad+Mfht5cJq7LSXcdudKTWCVYUgw6pLFOOHSTtZlj6SWNYAp+AhuqLmWdBO2X5hPrLcu8cVP8fy28w==

"@jridgewell/set-array@^1.0.1":
  version "1.1.2"
  resolved "https://registry.npmjs.org/@jridgewell/set-array/-/set-array-1.1.2.tgz"
  integrity sha512-xnkseuNADM0gt2bs+BvhO0p78Mk762YnZdsuzFV018NoG1Sj1SCQvpSqa7XUaTam5vAGasABV9qXASMKnFMwMw==

"@jridgewell/sourcemap-codec@1.4.14":
  version "1.4.14"
  resolved "https://registry.npmjs.org/@jridgewell/sourcemap-codec/-/sourcemap-codec-1.4.14.tgz"
  integrity sha512-XPSJHWmi394fuUuzDnGz1wiKqWfo1yXecHQMRf2l6hztTO+nPru658AyDngaBe7isIxEkRsPR3FZh+s7iVa4Uw==

"@jridgewell/sourcemap-codec@^1.4.10":
  version "1.4.15"
  resolved "https://registry.npmjs.org/@jridgewell/sourcemap-codec/-/sourcemap-codec-1.4.15.tgz"
  integrity sha512-eF2rxCRulEKXHTRiDrDy6erMYWqNw4LPdQ8UQA4huuxaQsVeRPFl2oM8oDGxMFhJUWZf9McpLtJasDDZb/Bpeg==

"@jridgewell/trace-mapping@^0.3.9":
  version "0.3.18"
  resolved "https://registry.npmjs.org/@jridgewell/trace-mapping/-/trace-mapping-0.3.18.tgz"
  integrity sha512-w+niJYzMHdd7USdiH2U6869nqhD2nbfZXND5Yp93qIbEmnDNk7PD48o+YchRVpzMU7M6jVCbenTR7PA1FLQ9pA==
  dependencies:
    "@jridgewell/resolve-uri" "3.1.0"
    "@jridgewell/sourcemap-codec" "1.4.14"

"@langchain/core@>0.1.0  <0.3.0", "@langchain/core@>0.1.56 <0.3.0", "@langchain/core@~0.2.0":
  version "0.2.1"
  resolved "https://registry.yarnpkg.com/@langchain/core/-/core-0.2.1.tgz#4afd27c345bcf4ff1868a8ef43cb9e8dbb1ec773"
  integrity sha512-VRgdV8aaKfhjC446fqsvDriTe0VPIHW+bl8cTefRwGKRuW9Tynw6FvS+69UOywp3Ix9u7GBvCIATBrdhmFAQHA==
  dependencies:
    ansi-styles "^5.0.0"
    camelcase "6"
    decamelize "1.2.0"
    js-tiktoken "^1.0.12"
    langsmith "~0.1.7"
    ml-distance "^4.0.0"
    mustache "^4.2.0"
    p-queue "^6.6.2"
    p-retry "4"
    uuid "^9.0.0"
    zod "^3.22.4"
    zod-to-json-schema "^3.22.3"

"@langchain/openai@^0.0.33", "@langchain/openai@~0.0.28":
  version "0.0.33"
  resolved "https://registry.yarnpkg.com/@langchain/openai/-/openai-0.0.33.tgz#af88d815ff0095018c879d3a1a5a32b2795b5c69"
  integrity sha512-hTBo9y9bHtFvMT5ySBW7TrmKhLSA91iNahigeqAFBVrLmBDz+6rzzLFc1mpq6JEAR3fZKdaUXqso3nB23jIpTw==
  dependencies:
    "@langchain/core" ">0.1.56 <0.3.0"
    js-tiktoken "^1.0.12"
    openai "^4.41.1"
    zod "^3.22.4"
    zod-to-json-schema "^3.22.3"

"@langchain/textsplitters@~0.0.0":
  version "0.0.2"
  resolved "https://registry.yarnpkg.com/@langchain/textsplitters/-/textsplitters-0.0.2.tgz#500baa8341fb7fc86fca531a4192665a319504a3"
  integrity sha512-6bQOuYHTGYlkgPY/8M5WPq4nnXZpEysGzRopQCYjg2WLcEoIPUMMrXsAaNNdvU3BOeMrhin8izvpDPD165hX6Q==
  dependencies:
    "@langchain/core" ">0.1.0  <0.3.0"
    js-tiktoken "^1.0.12"

"@next/env@14.0.4":
  version "14.0.4"
  resolved "https://registry.yarnpkg.com/@next/env/-/env-14.0.4.tgz#d5cda0c4a862d70ae760e58c0cd96a8899a2e49a"
  integrity sha512-irQnbMLbUNQpP1wcE5NstJtbuA/69kRfzBrpAD7Gsn8zm/CY6YQYc3HQBz8QPxwISG26tIm5afvvVbu508oBeQ==

"@next/swc-darwin-arm64@14.0.4":
  version "14.0.4"
  resolved "https://registry.yarnpkg.com/@next/swc-darwin-arm64/-/swc-darwin-arm64-14.0.4.tgz#27b1854c2cd04eb1d5e75081a1a792ad91526618"
  integrity sha512-mF05E/5uPthWzyYDyptcwHptucf/jj09i2SXBPwNzbgBNc+XnwzrL0U6BmPjQeOL+FiB+iG1gwBeq7mlDjSRPg==

"@next/swc-darwin-x64@14.0.4":
  version "14.0.4"
  resolved "https://registry.yarnpkg.com/@next/swc-darwin-x64/-/swc-darwin-x64-14.0.4.tgz#9940c449e757d0ee50bb9e792d2600cc08a3eb3b"
  integrity sha512-IZQ3C7Bx0k2rYtrZZxKKiusMTM9WWcK5ajyhOZkYYTCc8xytmwSzR1skU7qLgVT/EY9xtXDG0WhY6fyujnI3rw==

"@next/swc-linux-arm64-gnu@14.0.4":
  version "14.0.4"
  resolved "https://registry.yarnpkg.com/@next/swc-linux-arm64-gnu/-/swc-linux-arm64-gnu-14.0.4.tgz#0eafd27c8587f68ace7b4fa80695711a8434de21"
  integrity sha512-VwwZKrBQo/MGb1VOrxJ6LrKvbpo7UbROuyMRvQKTFKhNaXjUmKTu7wxVkIuCARAfiI8JpaWAnKR+D6tzpCcM4w==

"@next/swc-linux-arm64-musl@14.0.4":
  version "14.0.4"
  resolved "https://registry.yarnpkg.com/@next/swc-linux-arm64-musl/-/swc-linux-arm64-musl-14.0.4.tgz#2b0072adb213f36dada5394ea67d6e82069ae7dd"
  integrity sha512-8QftwPEW37XxXoAwsn+nXlodKWHfpMaSvt81W43Wh8dv0gkheD+30ezWMcFGHLI71KiWmHK5PSQbTQGUiidvLQ==

"@next/swc-linux-x64-gnu@14.0.4":
  version "14.0.4"
  resolved "https://registry.yarnpkg.com/@next/swc-linux-x64-gnu/-/swc-linux-x64-gnu-14.0.4.tgz#68c67d20ebc8e3f6ced6ff23a4ba2a679dbcec32"
  integrity sha512-/s/Pme3VKfZAfISlYVq2hzFS8AcAIOTnoKupc/j4WlvF6GQ0VouS2Q2KEgPuO1eMBwakWPB1aYFIA4VNVh667A==

"@next/swc-linux-x64-musl@14.0.4":
  version "14.0.4"
  resolved "https://registry.yarnpkg.com/@next/swc-linux-x64-musl/-/swc-linux-x64-musl-14.0.4.tgz#67cd81b42fb2caf313f7992fcf6d978af55a1247"
  integrity sha512-m8z/6Fyal4L9Bnlxde5g2Mfa1Z7dasMQyhEhskDATpqr+Y0mjOBZcXQ7G5U+vgL22cI4T7MfvgtrM2jdopqWaw==

"@next/swc-win32-arm64-msvc@14.0.4":
  version "14.0.4"
  resolved "https://registry.yarnpkg.com/@next/swc-win32-arm64-msvc/-/swc-win32-arm64-msvc-14.0.4.tgz#be06585906b195d755ceda28f33c633e1443f1a3"
  integrity sha512-7Wv4PRiWIAWbm5XrGz3D8HUkCVDMMz9igffZG4NB1p4u1KoItwx9qjATHz88kwCEal/HXmbShucaslXCQXUM5w==

"@next/swc-win32-ia32-msvc@14.0.4":
  version "14.0.4"
  resolved "https://registry.yarnpkg.com/@next/swc-win32-ia32-msvc/-/swc-win32-ia32-msvc-14.0.4.tgz#e76cabefa9f2d891599c3d85928475bd8d3f6600"
  integrity sha512-zLeNEAPULsl0phfGb4kdzF/cAVIfaC7hY+kt0/d+y9mzcZHsMS3hAS829WbJ31DkSlVKQeHEjZHIdhN+Pg7Gyg==

"@next/swc-win32-x64-msvc@14.0.4":
  version "14.0.4"
  resolved "https://registry.yarnpkg.com/@next/swc-win32-x64-msvc/-/swc-win32-x64-msvc-14.0.4.tgz#e74892f1a9ccf41d3bf5979ad6d3d77c07b9cba1"
  integrity sha512-yEh2+R8qDlDCjxVpzOTEpBLQTEFAcP2A8fUFLaWNap9GitYKkKv1//y2S6XY6zsR4rCOPRpU7plYDR+az2n30A==

"@nodelib/fs.scandir@2.1.5":
  version "2.1.5"
  resolved "https://registry.npmjs.org/@nodelib/fs.scandir/-/fs.scandir-2.1.5.tgz"
  integrity sha512-vq24Bq3ym5HEQm2NKCr3yXDwjc7vTsEThRDnkp2DK9p1uqLR+DHurm/NOTo0KG7HYHU7eppKZj3MyqYuMBf62g==
  dependencies:
    "@nodelib/fs.stat" "2.0.5"
    run-parallel "^1.1.9"

"@nodelib/fs.stat@2.0.5", "@nodelib/fs.stat@^2.0.2":
  version "2.0.5"
  resolved "https://registry.npmjs.org/@nodelib/fs.stat/-/fs.stat-2.0.5.tgz"
  integrity sha512-RkhPPp2zrqDAQA/2jNhnztcPAlv64XdhIp7a7454A5ovI7Bukxgt7MX7udwAu3zg1DcpPU0rz3VV1SeaqvY4+A==

"@nodelib/fs.walk@^1.2.3":
  version "1.2.8"
  resolved "https://registry.npmjs.org/@nodelib/fs.walk/-/fs.walk-1.2.8.tgz"
  integrity sha512-oGB+UxlgWcgQkgwo8GcEGwemoTFt3FIO9ababBmaGwXIoBKZ+GTy0pP185beGg7Llih/NSHSV2XAs1lnznocSg==
  dependencies:
    "@nodelib/fs.scandir" "2.1.5"
    fastq "^1.6.0"

"@radix-ui/number@1.0.1":
  version "1.0.1"
  resolved "https://registry.yarnpkg.com/@radix-ui/number/-/number-1.0.1.tgz#644161a3557f46ed38a042acf4a770e826021674"
  integrity sha512-T5gIdVO2mmPW3NNhjNgEP3cqMXjXL9UbO0BzWcXfvdBs+BohbQxvd/K5hSVKmn9/lbTdsQVKbUcP5WLCwvUbBg==
  dependencies:
    "@babel/runtime" "^7.13.10"

"@radix-ui/primitive@1.0.1":
  version "1.0.1"
  resolved "https://registry.yarnpkg.com/@radix-ui/primitive/-/primitive-1.0.1.tgz#e46f9958b35d10e9f6dc71c497305c22e3e55dbd"
  integrity sha512-yQ8oGX2GVsEYMWGxcovu1uGWPCxV5BFfeeYxqPmuAzUyLT9qmaMXSAhXpb0WrspIeqYzdJpkh2vHModJPgRIaw==
  dependencies:
    "@babel/runtime" "^7.13.10"

"@radix-ui/react-arrow@1.0.3":
  version "1.0.3"
  resolved "https://registry.yarnpkg.com/@radix-ui/react-arrow/-/react-arrow-1.0.3.tgz#c24f7968996ed934d57fe6cde5d6ec7266e1d25d"
  integrity sha512-wSP+pHsB/jQRaL6voubsQ/ZlrGBHHrOjmBnr19hxYgtS0WvAFwZhK2WP/YY5yF9uKECCEEDGxuLxq1NBK51wFA==
  dependencies:
    "@babel/runtime" "^7.13.10"
    "@radix-ui/react-primitive" "1.0.3"

"@radix-ui/react-collection@1.0.3":
  version "1.0.3"
  resolved "https://registry.yarnpkg.com/@radix-ui/react-collection/-/react-collection-1.0.3.tgz#9595a66e09026187524a36c6e7e9c7d286469159"
  integrity sha512-3SzW+0PW7yBBoQlT8wNcGtaxaD0XSu0uLUFgrtHY08Acx05TaHaOmVLR73c0j/cqpDy53KBMO7s0dx2wmOIDIA==
  dependencies:
    "@babel/runtime" "^7.13.10"
    "@radix-ui/react-compose-refs" "1.0.1"
    "@radix-ui/react-context" "1.0.1"
    "@radix-ui/react-primitive" "1.0.3"
    "@radix-ui/react-slot" "1.0.2"

"@radix-ui/react-compose-refs@1.0.1":
  version "1.0.1"
  resolved "https://registry.yarnpkg.com/@radix-ui/react-compose-refs/-/react-compose-refs-1.0.1.tgz#7ed868b66946aa6030e580b1ffca386dd4d21989"
  integrity sha512-fDSBgd44FKHa1FRMU59qBMPFcl2PZE+2nmqunj+BWFyYYjnhIDWL2ItDs3rrbJDQOtzt5nIebLCQc4QRfz6LJw==
  dependencies:
    "@babel/runtime" "^7.13.10"

"@radix-ui/react-context@1.0.1":
  version "1.0.1"
  resolved "https://registry.yarnpkg.com/@radix-ui/react-context/-/react-context-1.0.1.tgz#fe46e67c96b240de59187dcb7a1a50ce3e2ec00c"
  integrity sha512-ebbrdFoYTcuZ0v4wG5tedGnp9tzcV8awzsxYph7gXUyvnNLuTIcCk1q17JEbnVhXAKG9oX3KtchwiMIAYp9NLg==
  dependencies:
    "@babel/runtime" "^7.13.10"

"@radix-ui/react-direction@1.0.1":
  version "1.0.1"
  resolved "https://registry.yarnpkg.com/@radix-ui/react-direction/-/react-direction-1.0.1.tgz#9cb61bf2ccf568f3421422d182637b7f47596c9b"
  integrity sha512-RXcvnXgyvYvBEOhCBuddKecVkoMiI10Jcm5cTI7abJRAHYfFxeu+FBQs/DvdxSYucxR5mna0dNsL6QFlds5TMA==
  dependencies:
    "@babel/runtime" "^7.13.10"

"@radix-ui/react-dismissable-layer@1.0.5":
  version "1.0.5"
  resolved "https://registry.yarnpkg.com/@radix-ui/react-dismissable-layer/-/react-dismissable-layer-1.0.5.tgz#3f98425b82b9068dfbab5db5fff3df6ebf48b9d4"
  integrity sha512-aJeDjQhywg9LBu2t/At58hCvr7pEm0o2Ke1x33B+MhjNmmZ17sy4KImo0KPLgsnc/zN7GPdce8Cnn0SWvwZO7g==
  dependencies:
    "@babel/runtime" "^7.13.10"
    "@radix-ui/primitive" "1.0.1"
    "@radix-ui/react-compose-refs" "1.0.1"
    "@radix-ui/react-primitive" "1.0.3"
    "@radix-ui/react-use-callback-ref" "1.0.1"
    "@radix-ui/react-use-escape-keydown" "1.0.3"

"@radix-ui/react-focus-guards@1.0.1":
  version "1.0.1"
  resolved "https://registry.yarnpkg.com/@radix-ui/react-focus-guards/-/react-focus-guards-1.0.1.tgz#1ea7e32092216b946397866199d892f71f7f98ad"
  integrity sha512-Rect2dWbQ8waGzhMavsIbmSVCgYxkXLxxR3ZvCX79JOglzdEy4JXMb98lq4hPxUbLr77nP0UOGf4rcMU+s1pUA==
  dependencies:
    "@babel/runtime" "^7.13.10"

"@radix-ui/react-focus-scope@1.0.4":
  version "1.0.4"
  resolved "https://registry.yarnpkg.com/@radix-ui/react-focus-scope/-/react-focus-scope-1.0.4.tgz#2ac45fce8c5bb33eb18419cdc1905ef4f1906525"
  integrity sha512-sL04Mgvf+FmyvZeYfNu1EPAaaxD+aw7cYeIB9L9Fvq8+urhltTRaEo5ysKOpHuKPclsZcSUMKlN05x4u+CINpA==
  dependencies:
    "@babel/runtime" "^7.13.10"
    "@radix-ui/react-compose-refs" "1.0.1"
    "@radix-ui/react-primitive" "1.0.3"
    "@radix-ui/react-use-callback-ref" "1.0.1"

"@radix-ui/react-id@1.0.1":
  version "1.0.1"
  resolved "https://registry.yarnpkg.com/@radix-ui/react-id/-/react-id-1.0.1.tgz#73cdc181f650e4df24f0b6a5b7aa426b912c88c0"
  integrity sha512-tI7sT/kqYp8p96yGWY1OAnLHrqDgzHefRBKQ2YAkBS5ja7QLcZ9Z/uY7bEjPUatf8RomoXM8/1sMj1IJaE5UzQ==
  dependencies:
    "@babel/runtime" "^7.13.10"
    "@radix-ui/react-use-layout-effect" "1.0.1"

"@radix-ui/react-popper@1.1.3":
  version "1.1.3"
  resolved "https://registry.yarnpkg.com/@radix-ui/react-popper/-/react-popper-1.1.3.tgz#24c03f527e7ac348fabf18c89795d85d21b00b42"
  integrity sha512-cKpopj/5RHZWjrbF2846jBNacjQVwkP068DfmgrNJXpvVWrOvlAmE9xSiy5OqeE+Gi8D9fP+oDhUnPqNMY8/5w==
  dependencies:
    "@babel/runtime" "^7.13.10"
    "@floating-ui/react-dom" "^2.0.0"
    "@radix-ui/react-arrow" "1.0.3"
    "@radix-ui/react-compose-refs" "1.0.1"
    "@radix-ui/react-context" "1.0.1"
    "@radix-ui/react-primitive" "1.0.3"
    "@radix-ui/react-use-callback-ref" "1.0.1"
    "@radix-ui/react-use-layout-effect" "1.0.1"
    "@radix-ui/react-use-rect" "1.0.1"
    "@radix-ui/react-use-size" "1.0.1"
    "@radix-ui/rect" "1.0.1"

"@radix-ui/react-portal@1.0.4":
  version "1.0.4"
  resolved "https://registry.yarnpkg.com/@radix-ui/react-portal/-/react-portal-1.0.4.tgz#df4bfd353db3b1e84e639e9c63a5f2565fb00e15"
  integrity sha512-Qki+C/EuGUVCQTOTD5vzJzJuMUlewbzuKyUy+/iHM2uwGiru9gZeBJtHAPKAEkB5KWGi9mP/CHKcY0wt1aW45Q==
  dependencies:
    "@babel/runtime" "^7.13.10"
    "@radix-ui/react-primitive" "1.0.3"

"@radix-ui/react-primitive@1.0.3":
  version "1.0.3"
  resolved "https://registry.yarnpkg.com/@radix-ui/react-primitive/-/react-primitive-1.0.3.tgz#d49ea0f3f0b2fe3ab1cb5667eb03e8b843b914d0"
  integrity sha512-yi58uVyoAcK/Nq1inRY56ZSjKypBNKTa/1mcL8qdl6oJeEaDbOldlzrGn7P6Q3Id5d+SYNGc5AJgc4vGhjs5+g==
  dependencies:
    "@babel/runtime" "^7.13.10"
    "@radix-ui/react-slot" "1.0.2"

"@radix-ui/react-select@^2.0.0":
  version "2.0.0"
  resolved "https://registry.yarnpkg.com/@radix-ui/react-select/-/react-select-2.0.0.tgz#a3511792a51a7018d6559357323a7f52e0e38887"
  integrity sha512-RH5b7af4oHtkcHS7pG6Sgv5rk5Wxa7XI8W5gvB1N/yiuDGZxko1ynvOiVhFM7Cis2A8zxF9bTOUVbRDzPepe6w==
  dependencies:
    "@babel/runtime" "^7.13.10"
    "@radix-ui/number" "1.0.1"
    "@radix-ui/primitive" "1.0.1"
    "@radix-ui/react-collection" "1.0.3"
    "@radix-ui/react-compose-refs" "1.0.1"
    "@radix-ui/react-context" "1.0.1"
    "@radix-ui/react-direction" "1.0.1"
    "@radix-ui/react-dismissable-layer" "1.0.5"
    "@radix-ui/react-focus-guards" "1.0.1"
    "@radix-ui/react-focus-scope" "1.0.4"
    "@radix-ui/react-id" "1.0.1"
    "@radix-ui/react-popper" "1.1.3"
    "@radix-ui/react-portal" "1.0.4"
    "@radix-ui/react-primitive" "1.0.3"
    "@radix-ui/react-slot" "1.0.2"
    "@radix-ui/react-use-callback-ref" "1.0.1"
    "@radix-ui/react-use-controllable-state" "1.0.1"
    "@radix-ui/react-use-layout-effect" "1.0.1"
    "@radix-ui/react-use-previous" "1.0.1"
    "@radix-ui/react-visually-hidden" "1.0.3"
    aria-hidden "^1.1.1"
    react-remove-scroll "2.5.5"

"@radix-ui/react-slot@1.0.2":
  version "1.0.2"
  resolved "https://registry.yarnpkg.com/@radix-ui/react-slot/-/react-slot-1.0.2.tgz#a9ff4423eade67f501ffb32ec22064bc9d3099ab"
  integrity sha512-YeTpuq4deV+6DusvVUW4ivBgnkHwECUu0BiN43L5UCDFgdhsRUWAghhTF5MbvNTPzmiFOx90asDSUjWuCNapwg==
  dependencies:
    "@babel/runtime" "^7.13.10"
    "@radix-ui/react-compose-refs" "1.0.1"

"@radix-ui/react-use-callback-ref@1.0.1":
  version "1.0.1"
  resolved "https://registry.yarnpkg.com/@radix-ui/react-use-callback-ref/-/react-use-callback-ref-1.0.1.tgz#f4bb1f27f2023c984e6534317ebc411fc181107a"
  integrity sha512-D94LjX4Sp0xJFVaoQOd3OO9k7tpBYNOXdVhkltUbGv2Qb9OXdrg/CpsjlZv7ia14Sylv398LswWBVVu5nqKzAQ==
  dependencies:
    "@babel/runtime" "^7.13.10"

"@radix-ui/react-use-controllable-state@1.0.1":
  version "1.0.1"
  resolved "https://registry.yarnpkg.com/@radix-ui/react-use-controllable-state/-/react-use-controllable-state-1.0.1.tgz#ecd2ced34e6330caf89a82854aa2f77e07440286"
  integrity sha512-Svl5GY5FQeN758fWKrjM6Qb7asvXeiZltlT4U2gVfl8Gx5UAv2sMR0LWo8yhsIZh2oQ0eFdZ59aoOOMV7b47VA==
  dependencies:
    "@babel/runtime" "^7.13.10"
    "@radix-ui/react-use-callback-ref" "1.0.1"

"@radix-ui/react-use-escape-keydown@1.0.3":
  version "1.0.3"
  resolved "https://registry.yarnpkg.com/@radix-ui/react-use-escape-keydown/-/react-use-escape-keydown-1.0.3.tgz#217b840c250541609c66f67ed7bab2b733620755"
  integrity sha512-vyL82j40hcFicA+M4Ex7hVkB9vHgSse1ZWomAqV2Je3RleKGO5iM8KMOEtfoSB0PnIelMd2lATjTGMYqN5ylTg==
  dependencies:
    "@babel/runtime" "^7.13.10"
    "@radix-ui/react-use-callback-ref" "1.0.1"

"@radix-ui/react-use-layout-effect@1.0.1":
  version "1.0.1"
  resolved "https://registry.yarnpkg.com/@radix-ui/react-use-layout-effect/-/react-use-layout-effect-1.0.1.tgz#be8c7bc809b0c8934acf6657b577daf948a75399"
  integrity sha512-v/5RegiJWYdoCvMnITBkNNx6bCj20fiaJnWtRkU18yITptraXjffz5Qbn05uOiQnOvi+dbkznkoaMltz1GnszQ==
  dependencies:
    "@babel/runtime" "^7.13.10"

"@radix-ui/react-use-previous@1.0.1":
  version "1.0.1"
  resolved "https://registry.yarnpkg.com/@radix-ui/react-use-previous/-/react-use-previous-1.0.1.tgz#b595c087b07317a4f143696c6a01de43b0d0ec66"
  integrity sha512-cV5La9DPwiQ7S0gf/0qiD6YgNqM5Fk97Kdrlc5yBcrF3jyEZQwm7vYFqMo4IfeHgJXsRaMvLABFtd0OVEmZhDw==
  dependencies:
    "@babel/runtime" "^7.13.10"

"@radix-ui/react-use-rect@1.0.1":
  version "1.0.1"
  resolved "https://registry.yarnpkg.com/@radix-ui/react-use-rect/-/react-use-rect-1.0.1.tgz#fde50b3bb9fd08f4a1cd204572e5943c244fcec2"
  integrity sha512-Cq5DLuSiuYVKNU8orzJMbl15TXilTnJKUCltMVQg53BQOF1/C5toAaGrowkgksdBQ9H+SRL23g0HDmg9tvmxXw==
  dependencies:
    "@babel/runtime" "^7.13.10"
    "@radix-ui/rect" "1.0.1"

"@radix-ui/react-use-size@1.0.1":
  version "1.0.1"
  resolved "https://registry.yarnpkg.com/@radix-ui/react-use-size/-/react-use-size-1.0.1.tgz#1c5f5fea940a7d7ade77694bb98116fb49f870b2"
  integrity sha512-ibay+VqrgcaI6veAojjofPATwledXiSmX+C0KrBk/xgpX9rBzPV3OsfwlhQdUOFbh+LKQorLYT+xTXW9V8yd0g==
  dependencies:
    "@babel/runtime" "^7.13.10"
    "@radix-ui/react-use-layout-effect" "1.0.1"

"@radix-ui/react-visually-hidden@1.0.3":
  version "1.0.3"
  resolved "https://registry.yarnpkg.com/@radix-ui/react-visually-hidden/-/react-visually-hidden-1.0.3.tgz#51aed9dd0fe5abcad7dee2a234ad36106a6984ac"
  integrity sha512-D4w41yN5YRKtu464TLnByKzMDG/JlMPHtfZgQAu9v6mNakUqGUI9vUrfQKz8NK41VMm/xbZbh76NUTVtIYqOMA==
  dependencies:
    "@babel/runtime" "^7.13.10"
    "@radix-ui/react-primitive" "1.0.3"

"@radix-ui/rect@1.0.1":
  version "1.0.1"
  resolved "https://registry.yarnpkg.com/@radix-ui/rect/-/rect-1.0.1.tgz#bf8e7d947671996da2e30f4904ece343bc4a883f"
  integrity sha512-fyrgCaedtvMg9NK3en0pnOYJdtfwxUcNolezkNPUsoX57X8oQk+NkqcvzHXD2uKNij6GXmWU9NDru2IWjrO4BQ==
  dependencies:
    "@babel/runtime" "^7.13.10"

"@swc/helpers@0.5.2":
  version "0.5.2"
  resolved "https://registry.yarnpkg.com/@swc/helpers/-/helpers-0.5.2.tgz#85ea0c76450b61ad7d10a37050289eded783c27d"
  integrity sha512-E4KcWTpoLHqwPHLxidpOqQbcrZVgi0rsmmZXUle1jXmJfuIf/UWpczUJ7MZZ5tlxytgJXyp0w4PGkkeLiuIdZw==
  dependencies:
    tslib "^2.4.0"

"@tailwindcss/forms@^0.5.3":
  version "0.5.3"
  resolved "https://registry.npmjs.org/@tailwindcss/forms/-/forms-0.5.3.tgz"
  integrity sha512-y5mb86JUoiUgBjY/o6FJSFZSEttfb3Q5gllE4xoKjAAD+vBrnIhE4dViwUuow3va8mpH4s9jyUbUbrRGoRdc2Q==
  dependencies:
    mini-svg-data-uri "^1.2.3"

"@types/node-fetch@^2.6.4":
  version "2.6.11"
  resolved "https://registry.yarnpkg.com/@types/node-fetch/-/node-fetch-2.6.11.tgz#9b39b78665dae0e82a08f02f4967d62c66f95d24"
  integrity sha512-24xFj9R5+rfQJLRyM56qh+wnVSYhyXC2tkoBndtY0U+vubqNsYXGjufB2nn8Q6gt0LrARwL6UBtMCSVCwl4B1g==
  dependencies:
    "@types/node" "*"
    form-data "^4.0.0"

"@types/node@*":
  version "20.12.12"
  resolved "https://registry.yarnpkg.com/@types/node/-/node-20.12.12.tgz#7cbecdf902085cec634fdb362172dfe12b8f2050"
  integrity sha512-eWLDGF/FOSPtAvEqeRAQ4C8LSA7M1I7i0ky1I8U7kD1J5ITyW3AsRhQrKVoWf5pFKZ2kILsEGJhsI9r93PYnOw==
  dependencies:
    undici-types "~5.26.4"

"@types/node@18.11.3":
  version "18.11.3"
  resolved "https://registry.npmjs.org/@types/node/-/node-18.11.3.tgz"
  integrity sha512-fNjDQzzOsZeKZu5NATgXUPsaFaTxeRgFXoosrHivTl8RGeV733OLawXsGfEk9a8/tySyZUyiZ6E8LcjPFZ2y1A==

"@types/node@^18.11.18":
  version "18.19.33"
  resolved "https://registry.yarnpkg.com/@types/node/-/node-18.19.33.tgz#98cd286a1b8a5e11aa06623210240bcc28e95c48"
  integrity sha512-NR9+KrpSajr2qBVp/Yt5TU/rp+b5Mayi3+OlMlcg2cVCfRmcG5PWZ7S4+MG9PZ5gWBoc9Pd0BKSRViuBCRPu0A==
  dependencies:
    undici-types "~5.26.4"

"@types/prop-types@*":
  version "15.7.5"
  resolved "https://registry.npmjs.org/@types/prop-types/-/prop-types-15.7.5.tgz"
  integrity sha512-JCB8C6SnDoQf0cNycqd/35A7MjcnK+ZTqE7judS6o7utxUCg6imJg3QK2qzHKszlTjcj2cn+NwMB2i96ubpj7w==

"@types/react-dom@18.0.6":
  version "18.0.6"
  resolved "https://registry.npmjs.org/@types/react-dom/-/react-dom-18.0.6.tgz"
  integrity sha512-/5OFZgfIPSwy+YuIBP/FgJnQnsxhZhjjrnxudMddeblOouIodEQ75X14Rr4wGSG/bknL+Omy9iWlLo1u/9GzAA==
  dependencies:
    "@types/react" "*"

"@types/react@*":
  version "18.2.6"
  resolved "https://registry.npmjs.org/@types/react/-/react-18.2.6.tgz"
  integrity sha512-wRZClXn//zxCFW+ye/D2qY65UsYP1Fpex2YXorHc8awoNamkMZSvBxwxdYVInsHOZZd2Ppq8isnSzJL5Mpf8OA==
  dependencies:
    "@types/prop-types" "*"
    "@types/scheduler" "*"
    csstype "^3.0.2"

"@types/react@18.0.21":
  version "18.0.21"
  resolved "https://registry.npmjs.org/@types/react/-/react-18.0.21.tgz"
  integrity sha512-7QUCOxvFgnD5Jk8ZKlUAhVcRj7GuJRjnjjiY/IUBWKgOlnvDvTMLD4RTF7NPyVmbRhNrbomZiOepg7M/2Kj1mA==
  dependencies:
    "@types/prop-types" "*"
    "@types/scheduler" "*"
    csstype "^3.0.2"

"@types/retry@0.12.0":
  version "0.12.0"
  resolved "https://registry.yarnpkg.com/@types/retry/-/retry-0.12.0.tgz#2b35eccfcee7d38cd72ad99232fbd58bffb3c84d"
  integrity sha512-wWKOClTTiizcZhXnPY4wikVAwmdYHp8q6DmC+EJUzAMsycb7HB32Kh9RN4+0gExjmPmZSAQjgURXIGATPegAvA==

"@types/scheduler@*":
  version "0.16.3"
  resolved "https://registry.npmjs.org/@types/scheduler/-/scheduler-0.16.3.tgz"
  integrity sha512-5cJ8CB4yAx7BH1oMvdU0Jh9lrEXyPkar6F9G/ERswkCuvP4KQZfZkSjcMbAICCpQTN4OuZn8tz0HiKv9TGZgrQ==

"@types/uuid@^9.0.1":
  version "9.0.8"
  resolved "https://registry.yarnpkg.com/@types/uuid/-/uuid-9.0.8.tgz#7545ba4fc3c003d6c756f651f3bf163d8f0f29ba"
  integrity sha512-jg+97EGIcY9AGHJJRaaPVgetKDsrTgbRjQ5Msgjh/DQKEFl0DtyRr/VCOyD1T2R1MNeWPK/u7JoGhlDZnKBAfA==

"@vercel/analytics@^0.1.8":
  version "0.1.11"
  resolved "https://registry.npmjs.org/@vercel/analytics/-/analytics-0.1.11.tgz"
  integrity sha512-mj5CPR02y0BRs1tN3oZcBNAX9a8NxsIUl9vElDPcqxnMfP0RbRc9fI9Ud7+QDg/1Izvt5uMumsr+6YsmVHcyuw==

"@vercel/speed-insights@^1.0.11":
  version "1.0.11"
  resolved "https://registry.yarnpkg.com/@vercel/speed-insights/-/speed-insights-1.0.11.tgz#44e436bdf19d445fd34f2e335f5bc9f44b86f9de"
  integrity sha512-l9hzSNmJvb2Yqpgd/BzpiT0J0aQDdtqxOf3Xm+iW4PICxVvhY1ef7Otdx4GXI+88dVkws57qMzXiShz19gXzSQ==

abort-controller@^3.0.0:
  version "3.0.0"
  resolved "https://registry.yarnpkg.com/abort-controller/-/abort-controller-3.0.0.tgz#eaf54d53b62bae4138e809ca225c8439a6efb392"
  integrity sha512-h8lQ8tacZYnR3vNQTgibj+tODHI5/+l06Au2Pcriv/Gmet0eaj4TwWH41sO9wnHDiQsEj19q0drzdWdeAHtweg==
  dependencies:
    event-target-shim "^5.0.0"

agentkeepalive@^4.2.1:
  version "4.5.0"
  resolved "https://registry.yarnpkg.com/agentkeepalive/-/agentkeepalive-4.5.0.tgz#2673ad1389b3c418c5a20c5d7364f93ca04be923"
  integrity sha512-5GG/5IbQQpC9FpkRGsSvZI5QYeSCzlJHdpBQntCsuTOxhKD8lqKhrleg2Yi7yvMIf82Ycmmqln9U8V9qwEiJew==
  dependencies:
    humanize-ms "^1.2.1"

ansi-styles@^5.0.0:
  version "5.2.0"
  resolved "https://registry.yarnpkg.com/ansi-styles/-/ansi-styles-5.2.0.tgz#07449690ad45777d1924ac2abb2fc8895dba836b"
  integrity sha512-Cxwpt2SfTzTtXcfOlzGEee8O+c+MmUgGrNiBcXnuWxuFJHe6a5Hz7qwhwe5OgaSYI0IJvkLqWX1ASG+cJOkEiA==

any-promise@^1.0.0:
  version "1.3.0"
  resolved "https://registry.npmjs.org/any-promise/-/any-promise-1.3.0.tgz"
  integrity sha512-7UvmKalWRt1wgjL1RrGxoSJW/0QZFIegpeGvZG9kjp8vrRu55XTHbwnqq2GpXm9uLbcuhxm3IqX9OB4MZR1b2A==

anymatch@~3.1.2:
  version "3.1.3"
  resolved "https://registry.npmjs.org/anymatch/-/anymatch-3.1.3.tgz"
  integrity sha512-KMReFUr0B4t+D+OBkjR3KYqvocp2XaSzO55UcB6mgQMd3KbcE+mWTyvVV7D/zsdEbNnV6acZUutkiHQXvTr1Rw==
  dependencies:
    normalize-path "^3.0.0"