
# THIS IS AN AUTOGENERATED FILE. DO NOT EDIT THIS FILE DIRECTLY.
# yarn lockfile v1


"@alloc/quick-lru@^5.2.0":
  version "5.2.0"
  resolved "https://registry.npmjs.org/@alloc/quick-lru/-/quick-lru-5.2.0.tgz"
  integrity sha512-UrcABB+4bUrFABwbluTIBErXwvbsU/V7TZWfmbgJfbkwiBuziS9gxdODUyuiecfdGQ85jglMW6juS3+z5TsKLw==

"@babel/runtime@^7.13.10", "@babel/runtime@^7.23.5":
  version "7.23.7"
  resolved "https://registry.yarnpkg.com/@babel/runtime/-/runtime-7.23.7.tgz#dd7c88deeb218a0f8bd34d5db1aa242e0f203193"
  integrity sha512-w06OXVOFso7LcbzMiDGt+3X7Rh7Ho8MmgPoWU3rarH+8upf+wSU/grlGbWzQyr3DkdN6ZeuMFjpdwW0Q+HxobA==
  dependencies:
    regenerator-runtime "^0.14.0"

"@floating-ui/core@^1.4.2":
  version "1.5.2"
  resolved "https://registry.yarnpkg.com/@floating-ui/core/-/core-1.5.2.tgz#53a0f7a98c550e63134d504f26804f6b83dbc071"
  integrity sha512-Ii3MrfY/GAIN3OhXNzpCKaLxHQfJF9qvwq/kEJYdqDxeIHa01K8sldugal6TmeeXl+WMvhv9cnVzUTaFFJF09A==
  dependencies:
    "@floating-ui/utils" "^0.1.3"

"@floating-ui/dom@^1.5.1":
  version "1.5.3"
  resolved "https://registry.yarnpkg.com/@floating-ui/dom/-/dom-1.5.3.tgz#54e50efcb432c06c23cd33de2b575102005436fa"
  integrity sha512-ClAbQnEqJAKCJOEbbLo5IUlZHkNszqhuxS4fHAVxRPXPya6Ysf2G8KypnYcOTpx6I8xcgF9bbHb6g/2KpbV8qA==
  dependencies:
    "@floating-ui/core" "^1.4.2"
    "@floating-ui/utils" "^0.1.3"

"@floating-ui/react-dom@^2.0.0":
  version "2.0.4"
  resolved "https://registry.yarnpkg.com/@floating-ui/react-dom/-/react-dom-2.0.4.tgz#b076fafbdfeb881e1d86ae748b7ff95150e9f3ec"
  integrity sha512-CF8k2rgKeh/49UrnIBs4BdxPUV6vize/Db1d/YbCLyp9GiVZ0BEwf5AiDSxJRCr6yOkGqTFHtmrULxkEfYZ7dQ==
  dependencies:
    "@floating-ui/dom" "^1.5.1"

"@floating-ui/utils@^0.1.3":
  version "0.1.6"
  resolved "https://registry.yarnpkg.com/@floating-ui/utils/-/utils-0.1.6.tgz#22958c042e10b67463997bd6ea7115fe28cbcaf9"
  integrity sha512-OfX7E2oUDYxtBvsuS4e/jSn4Q9Qb6DzgeYtsAdkPZ47znpoNsMgZw0+tVijiv3uGNR6dgNlty6r9rzIzHjtd/A==

"@headlessui/react@^1.7.7":
  version "1.7.14"
  resolved "https://registry.npmjs.org/@headlessui/react/-/react-1.7.14.tgz"
  integrity sha512-znzdq9PG8rkwcu9oQ2FwIy0ZFtP9Z7ycS+BAqJ3R5EIqC/0bJGvhT7193rFf+45i9nnPsYvCQVW4V/bB9Xc+gA==
  dependencies:
    client-only "^0.0.1"

"@headlessui/tailwindcss@^0.1.2":
  version "0.1.3"
  resolved "https://registry.npmjs.org/@headlessui/tailwindcss/-/tailwindcss-0.1.3.tgz"
  integrity sha512-3aMdDyYZx9A15euRehpppSyQnb2gIw2s/Uccn2ELIoLQ9oDy0+9oRygNWNjXCD5Dt+w1pxo7C+XoiYvGcqA4Kg==

"@heroicons/react@^2.0.13":
  version "2.0.18"
  resolved "https://registry.npmjs.org/@heroicons/react/-/react-2.0.18.tgz"
  integrity sha512-7TyMjRrZZMBPa+/5Y8lN0iyvUU/01PeMGX2+RE7cQWpEUIcb4QotzUObFkJDejj/HUH4qjP/eQ0gzzKs2f+6Yw==

"@jridgewell/gen-mapping@^0.3.2":
  version "0.3.3"
  resolved "https://registry.npmjs.org/@jridgewell/gen-mapping/-/gen-mapping-0.3.3.tgz"
  integrity sha512-HLhSWOLRi875zjjMG/r+Nv0oCW8umGb0BgEhyX3dDX3egwZtB8PqLnjz3yedt8R5StBrzcg4aBpnh8UA9D1BoQ==
  dependencies:
    "@jridgewell/set-array" "^1.0.1"
    "@jridgewell/sourcemap-codec" "^1.4.10"
    "@jridgewell/trace-mapping" "^0.3.9"

"@jridgewell/resolve-uri@3.1.0":
  version "3.1.0"
  resolved "https://registry.npmjs.org/@jridgewell/resolve-uri/-/resolve-uri-3.1.0.tgz"
  integrity sha512-F2msla3tad+Mfht5cJq7LSXcdudKTWCVYUgw6pLFOOHSTtZlj6SWNYAp+AhuqLmWdBO2X5hPrLcu8cVP8fy28w==

"@jridgewell/set-array@^1.0.1":
  version "1.1.2"
  resolved "https://registry.npmjs.org/@jridgewell/set-array/-/set-array-1.1.2.tgz"
  integrity sha512-xnkseuNADM0gt2bs+BvhO0p78Mk762YnZdsuzFV018NoG1Sj1SCQvpSqa7XUaTam5vAGasABV9qXASMKnFMwMw==

"@jridgewell/sourcemap-codec@1.4.14":
  version "1.4.14"
  resolved "https://registry.npmjs.org/@jridgewell/sourcemap-codec/-/sourcemap-codec-1.4.14.tgz"
  integrity sha512-XPSJHWmi394fuUuzDnGz1wiKqWfo1yXecHQMRf2l6hztTO+nPru658AyDngaBe7isIxEkRsPR3FZh+s7iVa4Uw==

"@jridgewell/sourcemap-codec@^1.4.10":
  version "1.4.15"
  resolved "https://registry.npmjs.org/@jridgewell/sourcemap-codec/-/sourcemap-codec-1.4.15.tgz"
  integrity sha512-eF2rxCRulEKXHTRiDrDy6erMYWqNw4LPdQ8UQA4huuxaQsVeRPFl2oM8oDGxMFhJUWZf9McpLtJasDDZb/Bpeg==

"@jridgewell/trace-mapping@^0.3.9":
  version "0.3.18"
  resolved "https://registry.npmjs.org/@jridgewell/trace-mapping/-/trace-mapping-0.3.18.tgz"
  integrity sha512-w+niJYzMHdd7USdiH2U6869nqhD2nbfZXND5Yp93qIbEmnDNk7PD48o+YchRVpzMU7M6jVCbenTR7PA1FLQ9pA==
  dependencies:
    "@jridgewell/resolve-uri" "3.1.0"
    "@jridgewell/sourcemap-codec" "1.4.14"

"@langchain/core@>0.1.0  <0.3.0", "@langchain/core@>0.1.56 <0.3.0", "@langchain/core@~0.2.0":
  version "0.2.1"
  resolved "https://registry.yarnpkg.com/@langchain/core/-/core-0.2.1.tgz#4afd27c345bcf4ff1868a8ef43cb9e8dbb1ec773"
  integrity sha512-VRgdV8aaKfhjC446fqsvDriTe0VPIHW+bl8cTefRwGKRuW9Tynw6FvS+69UOywp3Ix9u7GBvCIATBrdhmFAQHA==
  dependencies:
    ansi-styles "^5.0.0"
    camelcase "6"
    decamelize "1.2.0"
    js-tiktoken "^1.0.12"
    langsmith "~0.1.7"
    ml-distance "^4.0.0"
    mustache "^4.2.0"
    p-queue "^6.6.2"
    p-retry "4"
    uuid "^9.0.0"
    zod "^3.22.4"
    zod-to-json-schema "^3.22.3"

"@langchain/openai@^0.0.33", "@langchain/openai@~0.0.28":
  version "0.0.33"
  resolved "https://registry.yarnpkg.com/@langchain/openai/-/openai-0.0.33.tgz#af88d815ff0095018c879d3a1a5a32b2795b5c69"
  integrity sha512-hTBo9y9bHtFvMT5ySBW7TrmKhLSA91iNahigeqAFBVrLmBDz+6rzzLFc1mpq6JEAR3fZKdaUXqso3nB23jIpTw==
  dependencies:
    "@langchain/core" ">0.1.56 <0.3.0"
    js-tiktoken "^1.0.12"
    openai "^4.41.1"
    zod "^3.22.4"
    zod-to-json-schema "^3.22.3"

"@langchain/textsplitters@~0.0.0":
  version "0.0.2"
  resolved "https://registry.yarnpkg.com/@langchain/textsplitters/-/textsplitters-0.0.2.tgz#500baa8341fb7fc86fca531a4192665a319504a3"
  integrity sha512-6bQOuYHTGYlkgPY/8M5WPq4nnXZpEysGzRopQCYjg2WLcEoIPUMMrXsAaNNdvU3BOeMrhin8izvpDPD165hX6Q==
  dependencies:
    "@langchain/core" ">0.1.0  <0.3.0"
    js-tiktoken "^1.0.12"

"@next/env@14.0.4":
  version "14.0.4"
  resolved "https://registry.yarnpkg.com/@next/env/-/env-14.0.4.tgz#d5cda0c4a862d70ae760e58c0cd96a8899a2e49a"
  integrity sha512-irQnbMLbUNQpP1wcE5NstJtbuA/69kRfzBrpAD7Gsn8zm/CY6YQYc3HQBz8QPxwISG26tIm5afvvVbu508oBeQ==

"@next/swc-darwin-arm64@14.0.4":
  version "14.0.4"
  resolved "https://registry.yarnpkg.com/@next/swc-darwin-arm64/-/swc-darwin-arm64-14.0.4.tgz#27b1854c2cd04eb1d5e75081a1a792ad91526618"
  integrity sha512-mF05E/5uPthWzyYDyptcwHptucf/jj09i2SXBPwNzbgBNc+XnwzrL0U6BmPjQeOL+FiB+iG1gwBeq7mlDjSRPg==

"@next/swc-darwin-x64@14.0.4":
  version "14.0.4"
  resolved "https://registry.yarnpkg.com/@next/swc-darwin-x64/-/swc-darwin-x64-14.0.4.tgz#9940c449e757d0ee50bb9e792d2600cc08a3eb3b"
  integrity sha512-IZQ3C7Bx0k2rYtrZZxKKiusMTM9WWcK5ajyhOZkYYTCc8xytmwSzR1skU7qLgVT/EY9xtXDG0WhY6fyujnI3rw==

"@next/swc-linux-arm64-gnu@14.0.4":
  version "14.0.4"
  resolved "https://registry.yarnpkg.com/@next/swc-linux-arm64-gnu/-/swc-linux-arm64-gnu-14.0.4.tgz#0eafd27c8587f68ace7b4fa80695711a8434de21"
  integrity sha512-VwwZKrBQo/MGb1VOrxJ6LrKvbpo7UbROuyMRvQKTFKhNaXjUmKTu7wxVkIuCARAfiI8JpaWAnKR+D6tzpCcM4w==

"@next/swc-linux-arm64-musl@14.0.4":
  version "14.0.4"
  resolved "https://registry.yarnpkg.com/@next/swc-linux-arm64-musl/-/swc-linux-arm64-musl-14.0.4.tgz#2b0072adb213f36dada5394ea67d6e82069ae7dd"
  integrity sha512-8QftwPEW37XxXoAwsn+nXlodKWHfpMaSvt81W43Wh8dv0gkheD+30ezWMcFGHLI71KiWmHK5PSQbTQGUiidvLQ==

"@next/swc-linux-x64-gnu@14.0.4":
  version "14.0.4"
  resolved "https://registry.yarnpkg.com/@next/swc-linux-x64-gnu/-/swc-linux-x64-gnu-14.0.4.tgz#68c67d20ebc8e3f6ced6ff23a4ba2a679dbcec32"
  integrity sha512-/s/Pme3VKfZAfISlYVq2hzFS8AcAIOTnoKupc/j4WlvF6GQ0VouS2Q2KEgPuO1eMBwakWPB1aYFIA4VNVh667A==

"@next/swc-linux-x64-musl@14.0.4":
  version "14.0.4"
  resolved "https://registry.yarnpkg.com/@next/swc-linux-x64-musl/-/swc-linux-x64-musl-14.0.4.tgz#67cd81b42fb2caf313f7992fcf6d978af55a1247"
  integrity sha512-m8z/6Fyal4L9Bnlxde5g2Mfa1Z7dasMQyhEhskDATpqr+Y0mjOBZcXQ7G5U+vgL22cI4T7MfvgtrM2jdopqWaw==

"@next/swc-win32-arm64-msvc@14.0.4":
  version "14.0.4"
  resolved "https://registry.yarnpkg.com/@next/swc-win32-arm64-msvc/-/swc-win32-arm64-msvc-14.0.4.tgz#be06585906b195d755ceda28f33c633e1443f1a3"
  integrity sha512-7Wv4PRiWIAWbm5XrGz3D8HUkCVDMMz9igffZG4NB1p4u1KoItwx9qjATHz88kwCEal/HXmbShucaslXCQXUM5w==

"@next/swc-win32-ia32-msvc@14.0.4":
  version "14.0.4"
  resolved "https://registry.yarnpkg.com/@next/swc-win32-ia32-msvc/-/swc-win32-ia32-msvc-14.0.4.tgz#e76cabefa9f2d891599c3d85928475bd8d3f6600"
  integrity sha512-zLeNEAPULsl0phfGb4kdzF/cAVIfaC7hY+kt0/d+y9mzcZHsMS3hAS829WbJ31DkSlVKQeHEjZHIdhN+Pg7Gyg==

"@next/swc-win32-x64-msvc@14.0.4":
  version "14.0.4"
  resolved "https://registry.yarnpkg.com/@next/swc-win32-x64-msvc/-/swc-win32-x64-msvc-14.0.4.tgz#e74892f1a9ccf41d3bf5979ad6d3d77c07b9cba1"
  integrity sha512-yEh2+R8qDlDCjxVpzOTEpBLQTEFAcP2A8fUFLaWNap9GitYKkKv1//y2S6XY6zsR4rCOPRpU7plYDR+az2n30A==

"@nodelib/fs.scandir@2.1.5":
  version "2.1.5"
  resolved "https://registry.npmjs.org/@nodelib/fs.scandir/-/fs.scandir-2.1.5.tgz"
  integrity sha512-vq24Bq3ym5HEQm2NKCr3yXDwjc7vTsEThRDnkp2DK9p1uqLR+DHurm/NOTo0KG7HYHU7eppKZj3MyqYuMBf62g==
  dependencies:
    "@nodelib/fs.stat" "2.0.5"
    run-parallel "^1.1.9"

"@nodelib/fs.stat@2.0.5", "@nodelib/fs.stat@^2.0.2":
  version "2.0.5"
  resolved "https://registry.npmjs.org/@nodelib/fs.stat/-/fs.stat-2.0.5.tgz"
  integrity sha512-RkhPPp2zrqDAQA/2jNhnztcPAlv64XdhIp7a7454A5ovI7Bukxgt7MX7udwAu3zg1DcpPU0rz3VV1SeaqvY4+A==

"@nodelib/fs.walk@^1.2.3":
  version "1.2.8"
  resolved "https://registry.npmjs.org/@nodelib/fs.walk/-/fs.walk-1.2.8.tgz"
  integrity sha512-oGB+UxlgWcgQkgwo8GcEGwemoTFt3FIO9ababBmaGwXIoBKZ+GTy0pP185beGg7Llih/NSHSV2XAs1lnznocSg==
  dependencies:
    "@nodelib/fs.scandir" "2.1.5"
    fastq "^1.6.0"

"@radix-ui/number@1.0.1":
  version "1.0.1"
  resolved "https://registry.yarnpkg.com/@radix-ui/number/-/number-1.0.1.tgz#644161a3557f46ed38a042acf4a770e826021674"
  integrity sha512-T5gIdVO2mmPW3NNhjNgEP3cqMXjXL9UbO0BzWcXfvdBs+BohbQxvd/K5hSVKmn9/lbTdsQVKbUcP5WLCwvUbBg==
  dependencies:
    "@babel/runtime" "^7.13.10"

"@radix-ui/primitive@1.0.1":
  version "1.0.1"
  resolved "https://registry.yarnpkg.com/@radix-ui/primitive/-/primitive-1.0.1.tgz#e46f9958b35d10e9f6dc71c497305c22e3e55dbd"
  integrity sha512-yQ8oGX2GVsEYMWGxcovu1uGWPCxV5BFfeeYxqPmuAzUyLT9qmaMXSAhXpb0WrspIeqYzdJpkh2vHModJPgRIaw==
  dependencies:
    "@babel/runtime" "^7.13.10"

"@radix-ui/react-arrow@1.0.3":
  version "1.0.3"
  resolved "https://registry.yarnpkg.com/@radix-ui/react-arrow/-/react-arrow-1.0.3.tgz#c24f7968996ed934d57fe6cde5d6ec7266e1d25d"
  integrity sha512-wSP+pHsB/jQRaL6voubsQ/ZlrGBHHrOjmBnr19hxYgtS0WvAFwZhK2WP/YY5yF9uKECCEEDGxuLxq1NBK51wFA==
  dependencies:
    "@babel/runtime" "^7.13.10"
    "@radix-ui/react-primitive" "1.0.3"

"@radix-ui/react-collection@1.0.3":
  version "1.0.3"
  resolved "https://registry.yarnpkg.com/@radix-ui/react-collection/-/react-collection-1.0.3.tgz#9595a66e09026187524a36c6e7e9c7d286469159"
  integrity sha512-3SzW+0PW7yBBoQlT8wNcGtaxaD0XSu0uLUFgrtHY08Acx05TaHaOmVLR73c0j/cqpDy53KBMO7s0dx2wmOIDIA==
  dependencies:
    "@babel/runtime" "^7.13.10"
    "@radix-ui/react-compose-refs" "1.0.1"
    "@radix-ui/react-context" "1.0.1"
    "@radix-ui/react-primitive" "1.0.3"
    "@radix-ui/react-slot" "1.0.2"

"@radix-ui/react-compose-refs@1.0.1":
  version "1.0.1"
  resolved "https://registry.yarnpkg.com/@radix-ui/react-compose-refs/-/react-compose-refs-1.0.1.tgz#7ed868b66946aa6030e580b1ffca386dd4d21989"
  integrity sha512-fDSBgd44FKHa1FRMU59qBMPFcl2PZE+2nmqunj+BWFyYYjnhIDWL2ItDs3rrbJDQOtzt5nIebLCQc4QRfz6LJw==
  dependencies:
    "@babel/runtime" "^7.13.10"

"@radix-ui/react-context@1.0.1":
  version "1.0.1"
  resolved "https://registry.yarnpkg.com/@radix-ui/react-context/-/react-context-1.0.1.tgz#fe46e67c96b240de59187dcb7a1a50ce3e2ec00c"
  integrity sha512-ebbrdFoYTcuZ0v4wG5tedGnp9tzcV8awzsxYph7gXUyvnNLuTIcCk1q17JEbnVhXAKG9oX3KtchwiMIAYp9NLg==
  dependencies:
    "@babel/runtime" "^7.13.10"

"@radix-ui/react-direction@1.0.1":
  version "1.0.1"
  resolved "https://registry.yarnpkg.com/@radix-ui/react-direction/-/react-direction-1.0.1.tgz#9cb61bf2ccf568f3421422d182637b7f47596c9b"
  integrity sha512-RXcvnXgyvYvBEOhCBuddKecVkoMiI10Jcm5cTI7abJRAHYfFxeu+FBQs/DvdxSYucxR5mna0dNsL6QFlds5TMA==
  dependencies:
    "@babel/runtime" "^7.13.10"

"@radix-ui/react-dismissable-layer@1.0.5":
  version "1.0.5"
  resolved "https://registry.yarnpkg.com/@radix-ui/react-dismissable-layer/-/react-dismissable-layer-1.0.5.tgz#3f98425b82b9068dfbab5db5fff3df6ebf48b9d4"
  integrity sha512-aJeDjQhywg9LBu2t/At58hCvr7pEm0o2Ke1x33B+MhjNmmZ17sy4KImo0KPLgsnc/zN7GPdce8Cnn0SWvwZO7g==
  dependencies:
    "@babel/runtime" "^7.13.10"
    "@radix-ui/primitive" "1.0.1"
    "@radix-ui/react-compose-refs" "1.0.1"
    "@radix-ui/react-primitive" "1.0.3"
    "@radix-ui/react-use-callback-ref" "1.0.1"
    "@radix-ui/react-use-escape-keydown" "1.0.3"

"@radix-ui/react-focus-guards@1.0.1":
  version "1.0.1"
  resolved "https://registry.yarnpkg.com/@radix-ui/react-focus-guards/-/react-focus-guards-1.0.1.tgz#1ea7e32092216b946397866199d892f71f7f98ad"
  integrity sha512-Rect2dWbQ8waGzhMavsIbmSVCgYxkXLxxR3ZvCX79JOglzdEy4JXMb98lq4hPxUbLr77nP0UOGf4rcMU+s1pUA==
  dependencies:
    "@babel/runtime" "^7.13.10"

"@radix-ui/react-focus-scope@1.0.4":
  version "1.0.4"
  resolved "https://registry.yarnpkg.com/@radix-ui/react-focus-scope/-/react-focus-scope-1.0.4.tgz#2ac45fce8c5bb33eb18419cdc1905ef4f1906525"
  integrity sha512-sL04Mgvf+FmyvZeYfNu1EPAaaxD+aw7cYeIB9L9Fvq8+urhltTRaEo5ysKOpHuKPclsZcSUMKlN05x4u+CINpA==
  dependencies:
    "@babel/runtime" "^7.13.10"
    "@radix-ui/react-compose-refs" "1.0.1"
    "@radix-ui/react-primitive" "1.0.3"
    "@radix-ui/react-use-callback-ref" "1.0.1"

"@radix-ui/react-id@1.0.1":
  version "1.0.1"
  resolved "https://registry.yarnpkg.com/@radix-ui/react-id/-/react-id-1.0.1.tgz#73cdc181f650e4df24f0b6a5b7aa426b912c88c0"
  integrity sha512-tI7sT/kqYp8p96yGWY1OAnLHrqDgzHefRBKQ2YAkBS5ja7QLcZ9Z/uY7bEjPUatf8RomoXM8/1sMj1IJaE5UzQ==
  dependencies:
    "@babel/runtime" "^7.13.10"
    "@radix-ui/react-use-layout-effect" "1.0.1"

"@radix-ui/react-popper@1.1.3":
  version "1.1.3"
  resolved "https://registry.yarnpkg.com/@radix-ui/react-popper/-/react-popper-1.1.3.tgz#24c03f527e7ac348fabf18c89795d85d21b00b42"
  integrity sha512-cKpopj/5RHZWjrbF2846jBNacjQVwkP068DfmgrNJXpvVWrOvlAmE9xSiy5OqeE+Gi8D9fP+oDhUnPqNMY8/5w==
  dependencies:
    "@babel/runtime" "^7.13.10"
    "@floating-ui/react-dom" "^2.0.0"
    "@radix-ui/react-arrow" "1.0.3"
    "@radix-ui/react-compose-refs" "1.0.1"
    "@radix-ui/react-context" "1.0.1"
    "@radix-ui/react-primitive" "1.0.3"
    "@radix-ui/react-use-callback-ref" "1.0.1"
    "@radix-ui/react-use-layout-effect" "1.0.1"
    "@radix-ui/react-use-rect" "1.0.1"
    "@radix-ui/react-use-size" "1.0.1"
    "@radix-ui/rect" "1.0.1"

"@radix-ui/react-portal@1.0.4":
  version "1.0.4"
  resolved "https://registry.yarnpkg.com/@radix-ui/react-portal/-/react-portal-1.0.4.tgz#df4bfd353db3b1e84e639e9c63a5f2565fb00e15"
  integrity sha512-Qki+C/EuGUVCQTOTD5vzJzJuMUlewbzuKyUy+/iHM2uwGiru9gZeBJtHAPKAEkB5KWGi9mP/CHKcY0wt1aW45Q==
  dependencies:
    "@babel/runtime" "^7.13.10"
    "@radix-ui/react-primitive" "1.0.3"

"@radix-ui/react-primitive@1.0.3":
  version "1.0.3"
  resolved "https://registry.yarnpkg.com/@radix-ui/react-primitive/-/react-primitive-1.0.3.tgz#d49ea0f3f0b2fe3ab1cb5667eb03e8b843b914d0"
  integrity sha512-yi58uVyoAcK/Nq1inRY56ZSjKypBNKTa/1mcL8qdl6oJeEaDbOldlzrGn7P6Q3Id5d+SYNGc5AJgc4vGhjs5+g==
  dependencies:
    "@babel/runtime" "^7.13.10"
    "@radix-ui/react-slot" "1.0.2"

"@radix-ui/react-select@^2.0.0":
  version "2.0.0"
  resolved "https://registry.yarnpkg.com/@radix-ui/react-select/-/react-select-2.0.0.tgz#a3511792a51a7018d6559357323a7f52e0e38887"
  integrity sha512-RH5b7af4oHtkcHS7pG6Sgv5rk5Wxa7XI8W5gvB1N/yiuDGZxko1ynvOiVhFM7Cis2A8zxF9bTOUVbRDzPepe6w==
  dependencies:
    "@babel/runtime" "^7.13.10"
    "@radix-ui/number" "1.0.1"
    "@radix-ui/primitive" "1.0.1"
    "@radix-ui/react-collection" "1.0.3"
    "@radix-ui/react-compose-refs" "1.0.1"
    "@radix-ui/react-context" "1.0.1"
    "@radix-ui/react-direction" "1.0.1"
    "@radix-ui/react-dismissable-layer" "1.0.5"
    "@radix-ui/react-focus-guards" "1.0.1"
    "@radix-ui/react-focus-scope" "1.0.4"
    "@radix-ui/react-id" "1.0.1"
    "@radix-ui/react-popper" "1.1.3"